
Microsoft Visual Studio Solution File, Format Version 12.00
# Visual Studio Version 17
VisualStudioVersion = 17.5.33627.172
MinimumVisualStudioVersion = 10.0.40219.1
Project("{FAE04EC0-301F-11D3-BF4B-00C04F79EFBC}") = "WebApplication1", "WebApplication1\WebApplication1.csproj", "{FE2B0BCB-2FAB-44E1-A61C-A7B5E1B35841}"
EndProject
Global
	GlobalSection(SolutionConfigurationPlatforms) = preSolution
		Debug|Any CPU = Debug|Any CPU
		Release|Any CPU = Release|Any CPU
	EndGlobalSection
	GlobalSection(ProjectConfigurationPlatforms) = postSolution
		{FE2B0BCB-2FAB-44E1-A61C-A7B5E1B35841}.Debug|Any CPU.ActiveCfg = Debug|Any CPU
		{FE2B0BCB-2FAB-44E1-A61C-A7B5E1B35841}.Debug|Any CPU.Build.0 = Debug|Any CPU
		{FE2B0BCB-2FAB-44E1-A61C-A7B5E1B35841}.Release|Any CPU.ActiveCfg = Release|Any CPU
		{FE2B0BCB-2FAB-44E1-A61C-A7B5E1B35841}.Release|Any CPU.Build.0 = Release|Any CPU
	EndGlobalSection
	GlobalSection(SolutionProperties) = preSolution
		HideSolutionNode = FALSE
	EndGlobalSection
	GlobalSection(ExtensibilityGlobals) = postSolution
		SolutionGuid = {47E91C1B-1AB0-4DE1-A583-52EE27B3A85C}
	EndGlobalSection
EndGlobal
